
Microsoft Visual Studio Solution File, Format Version 12.00
Project("{FAE04EC0-301F-11D3-BF4B-00C04F79EFBC}") = "Ejercicio1", "Ejercicio1\Ejercicio1.csproj", "{A7FF4F7F-4D28-46E4-8ECE-C6AC47079FE5}"
EndProject
Project("{2150E333-8FDC-42A3-9474-1A3956D46DE8}") = "Ejercicio 1", "Ejercicio 1", "{9111C0D8-96BC-4A22-AE4F-298293E7DE96}"
EndProject
Project("{2150E333-8FDC-42A3-9474-1A3956D46DE8}") = "Ejercicios", "Ejercicios", "{9B86BD8C-7346-403B-A197-BFA9E7BB2188}"
EndProject
Project("{2150E333-8FDC-42A3-9474-1A3956D46DE8}") = "Ejercicio2", "Ejercicio2", "{B181F5B8-FCF2-4876-B134-25CAC273FBE6}"
EndProject
Project("{FAE04EC0-301F-11D3-BF4B-00C04F79EFBC}") = "Ejercicio2", "Ejercicio2\Ejercicio2.csproj", "{6F160146-5727-4A15-AFF7-200089A93EAA}"
EndProject
Project("{2150E333-8FDC-42A3-9474-1A3956D46DE8}") = "Ejercicio3", "Ejercicio3", "{9C429C93-0B22-4F00-AB53-4A8F15AD7E87}"
EndProject
Project("{FAE04EC0-301F-11D3-BF4B-00C04F79EFBC}") = "Arrays", "Arrays\Arrays.csproj", "{7C3E3B7E-8149-4E80-8E3C-DE9D1E860796}"
EndProject
Project("{2150E333-8FDC-42A3-9474-1A3956D46DE8}") = "Ejercicio4", "Ejercicio4", "{4E5B55FD-CE36-46F9-A411-FAAD7D88C539}"
EndProject
Project("{2150E333-8FDC-42A3-9474-1A3956D46DE8}") = "Ejercicio5", "Ejercicio5", "{ADC01E23-FE40-4685-83EB-A8197FDD6C25}"
EndProject
Project("{2150E333-8FDC-42A3-9474-1A3956D46DE8}") = "Matrices", "Matrices", "{C211F65C-4E26-4CB1-BBA7-191F2EBA1873}"
EndProject
Project("{2150E333-8FDC-42A3-9474-1A3956D46DE8}") = "OOP", "OOP", "{F84409A4-95AC-490B-A9F6-A43BC8DC70AA}"
EndProject
Project("{FAE04EC0-301F-11D3-BF4B-00C04F79EFBC}") = "Matrices", "Matrices\Matrices.csproj", "{E427B9A4-81C8-4FCA-BBAE-BF75E3CED53D}"
EndProject
Project("{FAE04EC0-301F-11D3-BF4B-00C04F79EFBC}") = "PrimerEjercicioOOP", "PrimerEjercicioOOP\PrimerEjercicioOOP.csproj", "{B14FE8F3-5CFD-4B55-804F-2B71ABD37894}"
EndProject
Global
	GlobalSection(SolutionConfigurationPlatforms) = preSolution
		Debug|Any CPU = Debug|Any CPU
		Release|Any CPU = Release|Any CPU
	EndGlobalSection
	GlobalSection(ProjectConfigurationPlatforms) = postSolution
		{A7FF4F7F-4D28-46E4-8ECE-C6AC47079FE5}.Debug|Any CPU.ActiveCfg = Debug|Any CPU
		{A7FF4F7F-4D28-46E4-8ECE-C6AC47079FE5}.Debug|Any CPU.Build.0 = Debug|Any CPU
		{A7FF4F7F-4D28-46E4-8ECE-C6AC47079FE5}.Release|Any CPU.ActiveCfg = Release|Any CPU
		{A7FF4F7F-4D28-46E4-8ECE-C6AC47079FE5}.Release|Any CPU.Build.0 = Release|Any CPU
		{6F160146-5727-4A15-AFF7-200089A93EAA}.Debug|Any CPU.ActiveCfg = Debug|Any CPU
		{6F160146-5727-4A15-AFF7-200089A93EAA}.Debug|Any CPU.Build.0 = Debug|Any CPU
		{6F160146-5727-4A15-AFF7-200089A93EAA}.Release|Any CPU.ActiveCfg = Release|Any CPU
		{6F160146-5727-4A15-AFF7-200089A93EAA}.Release|Any CPU.Build.0 = Release|Any CPU
		{7C3E3B7E-8149-4E80-8E3C-DE9D1E860796}.Debug|Any CPU.ActiveCfg = Debug|Any CPU
		{7C3E3B7E-8149-4E80-8E3C-DE9D1E860796}.Debug|Any CPU.Build.0 = Debug|Any CPU
		{7C3E3B7E-8149-4E80-8E3C-DE9D1E860796}.Release|Any CPU.ActiveCfg = Release|Any CPU
		{7C3E3B7E-8149-4E80-8E3C-DE9D1E860796}.Release|Any CPU.Build.0 = Release|Any CPU
		{E427B9A4-81C8-4FCA-BBAE-BF75E3CED53D}.Debug|Any CPU.ActiveCfg = Debug|Any CPU
		{E427B9A4-81C8-4FCA-BBAE-BF75E3CED53D}.Debug|Any CPU.Build.0 = Debug|Any CPU
		{E427B9A4-81C8-4FCA-BBAE-BF75E3CED53D}.Release|Any CPU.ActiveCfg = Release|Any CPU
		{E427B9A4-81C8-4FCA-BBAE-BF75E3CED53D}.Release|Any CPU.Build.0 = Release|Any CPU
		{B14FE8F3-5CFD-4B55-804F-2B71ABD37894}.Debug|Any CPU.ActiveCfg = Debug|Any CPU
		{B14FE8F3-5CFD-4B55-804F-2B71ABD37894}.Debug|Any CPU.Build.0 = Debug|Any CPU
		{B14FE8F3-5CFD-4B55-804F-2B71ABD37894}.Release|Any CPU.ActiveCfg = Release|Any CPU
		{B14FE8F3-5CFD-4B55-804F-2B71ABD37894}.Release|Any CPU.Build.0 = Release|Any CPU
	EndGlobalSection
	GlobalSection(NestedProjects) = preSolution
		{A7FF4F7F-4D28-46E4-8ECE-C6AC47079FE5} = {9111C0D8-96BC-4A22-AE4F-298293E7DE96}
		{9111C0D8-96BC-4A22-AE4F-298293E7DE96} = {9B86BD8C-7346-403B-A197-BFA9E7BB2188}
		{B181F5B8-FCF2-4876-B134-25CAC273FBE6} = {9B86BD8C-7346-403B-A197-BFA9E7BB2188}
		{6F160146-5727-4A15-AFF7-200089A93EAA} = {B181F5B8-FCF2-4876-B134-25CAC273FBE6}
		{9C429C93-0B22-4F00-AB53-4A8F15AD7E87} = {9B86BD8C-7346-403B-A197-BFA9E7BB2188}
		{7C3E3B7E-8149-4E80-8E3C-DE9D1E860796} = {9C429C93-0B22-4F00-AB53-4A8F15AD7E87}
		{4E5B55FD-CE36-46F9-A411-FAAD7D88C539} = {9B86BD8C-7346-403B-A197-BFA9E7BB2188}
		{ADC01E23-FE40-4685-83EB-A8197FDD6C25} = {9B86BD8C-7346-403B-A197-BFA9E7BB2188}
		{C211F65C-4E26-4CB1-BBA7-191F2EBA1873} = {4E5B55FD-CE36-46F9-A411-FAAD7D88C539}
		{F84409A4-95AC-490B-A9F6-A43BC8DC70AA} = {ADC01E23-FE40-4685-83EB-A8197FDD6C25}
		{E427B9A4-81C8-4FCA-BBAE-BF75E3CED53D} = {C211F65C-4E26-4CB1-BBA7-191F2EBA1873}
		{B14FE8F3-5CFD-4B55-804F-2B71ABD37894} = {F84409A4-95AC-490B-A9F6-A43BC8DC70AA}
	EndGlobalSection
EndGlobal
